
Microsoft Visual Studio Solution File, Format Version 12.00
# Visual Studio Version 17
VisualStudioVersion = 17.4.33403.182
MinimumVisualStudioVersion = 10.0.40219.1
Project("{9A19103F-16F7-4668-BE54-9A1E7A4F7556}") = "AM.UI.Console", "AM.UI.Console\AM.UI.Console.csproj", "{96001D1C-42DE-43BA-A4CB-63880F8F8FCF}"
EndProject
Project("{9A19103F-16F7-4668-BE54-9A1E7A4F7556}") = "AM.ApplicationCore", "AM.ApplicationCore\AM.ApplicationCore.csproj", "{431DFA77-F29B-4E47-A3DF-49145CF57483}"
EndProject
Project("{9A19103F-16F7-4668-BE54-9A1E7A4F7556}") = "AM.Infrastructure", "AM.Infrastructure\AM.Infrastructure.csproj", "{0E361269-6EAA-46BA-8369-E88A7F161832}"
EndProject
Project("{FAE04EC0-301F-11D3-BF4B-00C04F79EFBC}") = "AM.UI.WEB", "AM.UI.WEB\AM.UI.WEB.csproj", "{FE268B53-F45F-4BE3-8FA9-CF06B87BBC45}"
EndProject
Global
	GlobalSection(SolutionConfigurationPlatforms) = preSolution
		Debug|Any CPU = Debug|Any CPU
		Release|Any CPU = Release|Any CPU
	EndGlobalSection
	GlobalSection(ProjectConfigurationPlatforms) = postSolution
		{96001D1C-42DE-43BA-A4CB-63880F8F8FCF}.Debug|Any CPU.ActiveCfg = Debug|Any CPU
		{96001D1C-42DE-43BA-A4CB-63880F8F8FCF}.Debug|Any CPU.Build.0 = Debug|Any CPU
		{96001D1C-42DE-43BA-A4CB-63880F8F8FCF}.Release|Any CPU.ActiveCfg = Release|Any CPU
		{96001D1C-42DE-43BA-A4CB-63880F8F8FCF}.Release|Any CPU.Build.0 = Release|Any CPU
		{431DFA77-F29B-4E47-A3DF-49145CF57483}.Debug|Any CPU.ActiveCfg = Debug|Any CPU
		{431DFA77-F29B-4E47-A3DF-49145CF57483}.Debug|Any CPU.Build.0 = Debug|Any CPU
		{431DFA77-F29B-4E47-A3DF-49145CF57483}.Release|Any CPU.ActiveCfg = Release|Any CPU
		{431DFA77-F29B-4E47-A3DF-49145CF57483}.Release|Any CPU.Build.0 = Release|Any CPU
		{0E361269-6EAA-46BA-8369-E88A7F161832}.Debug|Any CPU.ActiveCfg = Debug|Any CPU
		{0E361269-6EAA-46BA-8369-E88A7F161832}.Debug|Any CPU.Build.0 = Debug|Any CPU
		{0E361269-6EAA-46BA-8369-E88A7F161832}.Release|Any CPU.ActiveCfg = Release|Any CPU
		{0E361269-6EAA-46BA-8369-E88A7F161832}.Release|Any CPU.Build.0 = Release|Any CPU
		{FE268B53-F45F-4BE3-8FA9-CF06B87BBC45}.Debug|Any CPU.ActiveCfg = Debug|Any CPU
		{FE268B53-F45F-4BE3-8FA9-CF06B87BBC45}.Debug|Any CPU.Build.0 = Debug|Any CPU
		{FE268B53-F45F-4BE3-8FA9-CF06B87BBC45}.Release|Any CPU.ActiveCfg = Release|Any CPU
		{FE268B53-F45F-4BE3-8FA9-CF06B87BBC45}.Release|Any CPU.Build.0 = Release|Any CPU
	EndGlobalSection
	GlobalSection(SolutionProperties) = preSolution
		HideSolutionNode = FALSE
	EndGlobalSection
	GlobalSection(ExtensibilityGlobals) = postSolution
		SolutionGuid = {14955DD9-242A-4E13-B190-AA71ECD7C4C6}
	EndGlobalSection
EndGlobal
